
Microsoft Visual Studio Solution File, Format Version 12.00
# Visual Studio Version 17
VisualStudioVersion = 17.1.32319.34
MinimumVisualStudioVersion = 10.0.40219.1
Project("{9A19103F-16F7-4668-BE54-9A1E7A4F7556}") = "BlogLab.Web", "BlogLab.Web\BlogLab.Web.csproj", "{E6983D18-E939-4EA5-8124-546C15B13D63}"
EndProject
Project("{FAE04EC0-301F-11D3-BF4B-00C04F79EFBC}") = "BlogLab.Models", "BlogLab.Models\BlogLab.Models.csproj", "{9FE459EB-C9D1-4EF8-8B8B-35EF09BBA3E8}"
EndProject
Project("{FAE04EC0-301F-11D3-BF4B-00C04F79EFBC}") = "BlogLab.Repository", "BlogLab.Repository\BlogLab.Repository.csproj", "{3248F938-0145-4F23-BC1C-912DCB371444}"
EndProject
Project("{FAE04EC0-301F-11D3-BF4B-00C04F79EFBC}") = "BlogLab.Identity", "BlogLab.Identity\BlogLab.Identity.csproj", "{E93E1AAF-41FF-494D-B264-B0681D9EF622}"
EndProject
Project("{FAE04EC0-301F-11D3-BF4B-00C04F79EFBC}") = "BlogLab.Services", "BlogLab.Services\BlogLab.Services.csproj", "{41963E9D-3538-40D5-8A4C-ED2A0CF37F5D}"
EndProject
Global
	GlobalSection(SolutionConfigurationPlatforms) = preSolution
		Debug|Any CPU = Debug|Any CPU
		Release|Any CPU = Release|Any CPU
	EndGlobalSection
	GlobalSection(ProjectConfigurationPlatforms) = postSolution
		{E6983D18-E939-4EA5-8124-546C15B13D63}.Debug|Any CPU.ActiveCfg = Debug|Any CPU
		{E6983D18-E939-4EA5-8124-546C15B13D63}.Debug|Any CPU.Build.0 = Debug|Any CPU
		{E6983D18-E939-4EA5-8124-546C15B13D63}.Release|Any CPU.ActiveCfg = Release|Any CPU
		{E6983D18-E939-4EA5-8124-546C15B13D63}.Release|Any CPU.Build.0 = Release|Any CPU
		{9FE459EB-C9D1-4EF8-8B8B-35EF09BBA3E8}.Debug|Any CPU.ActiveCfg = Debug|Any CPU
		{9FE459EB-C9D1-4EF8-8B8B-35EF09BBA3E8}.Debug|Any CPU.Build.0 = Debug|Any CPU
		{9FE459EB-C9D1-4EF8-8B8B-35EF09BBA3E8}.Release|Any CPU.ActiveCfg = Release|Any CPU
		{9FE459EB-C9D1-4EF8-8B8B-35EF09BBA3E8}.Release|Any CPU.Build.0 = Release|Any CPU
		{3248F938-0145-4F23-BC1C-912DCB371444}.Debug|Any CPU.ActiveCfg = Debug|Any CPU
		{3248F938-0145-4F23-BC1C-912DCB371444}.Debug|Any CPU.Build.0 = Debug|Any CPU
		{3248F938-0145-4F23-BC1C-912DCB371444}.Release|Any CPU.ActiveCfg = Release|Any CPU
		{3248F938-0145-4F23-BC1C-912DCB371444}.Release|Any CPU.Build.0 = Release|Any CPU
		{E93E1AAF-41FF-494D-B264-B0681D9EF622}.Debug|Any CPU.ActiveCfg = Debug|Any CPU
		{E93E1AAF-41FF-494D-B264-B0681D9EF622}.Debug|Any CPU.Build.0 = Debug|Any CPU
		{E93E1AAF-41FF-494D-B264-B0681D9EF622}.Release|Any CPU.ActiveCfg = Release|Any CPU
		{E93E1AAF-41FF-494D-B264-B0681D9EF622}.Release|Any CPU.Build.0 = Release|Any CPU
		{41963E9D-3538-40D5-8A4C-ED2A0CF37F5D}.Debug|Any CPU.ActiveCfg = Debug|Any CPU
		{41963E9D-3538-40D5-8A4C-ED2A0CF37F5D}.Debug|Any CPU.Build.0 = Debug|Any CPU
		{41963E9D-3538-40D5-8A4C-ED2A0CF37F5D}.Release|Any CPU.ActiveCfg = Release|Any CPU
		{41963E9D-3538-40D5-8A4C-ED2A0CF37F5D}.Release|Any CPU.Build.0 = Release|Any CPU
	EndGlobalSection
	GlobalSection(SolutionProperties) = preSolution
		HideSolutionNode = FALSE
	EndGlobalSection
	GlobalSection(ExtensibilityGlobals) = postSolution
		SolutionGuid = {F8DBC6A0-6B4D-45BA-8560-26BCE0A78AA0}
	EndGlobalSection
EndGlobal
